
Microsoft Visual Studio Solution File, Format Version 12.00
# Visual Studio Version 17
VisualStudioVersion = 17.1.32328.378
MinimumVisualStudioVersion = 10.0.40219.1
Project("{FAE04EC0-301F-11D3-BF4B-00C04F79EFBC}") = "aps-tcpip", "aps-tcpip\aps-tcpip.csproj", "{8C3333D8-824D-4108-8CCB-CD4DF4FDC7FE}"
EndProject
Global
	GlobalSection(SolutionConfigurationPlatforms) = preSolution
		Debug|Any CPU = Debug|Any CPU
		Release|Any CPU = Release|Any CPU
	EndGlobalSection
	GlobalSection(ProjectConfigurationPlatforms) = postSolution
		{8C3333D8-824D-4108-8CCB-CD4DF4FDC7FE}.Debug|Any CPU.ActiveCfg = Debug|Any CPU
		{8C3333D8-824D-4108-8CCB-CD4DF4FDC7FE}.Debug|Any CPU.Build.0 = Debug|Any CPU
		{8C3333D8-824D-4108-8CCB-CD4DF4FDC7FE}.Release|Any CPU.ActiveCfg = Release|Any CPU
		{8C3333D8-824D-4108-8CCB-CD4DF4FDC7FE}.Release|Any CPU.Build.0 = Release|Any CPU
	EndGlobalSection
	GlobalSection(SolutionProperties) = preSolution
		HideSolutionNode = FALSE
	EndGlobalSection
	GlobalSection(ExtensibilityGlobals) = postSolution
		SolutionGuid = {0B29BBEA-46BD-4309-8699-87B71C93E075}
	EndGlobalSection
EndGlobal
